// !$*UTF8*$!
{
	archiveVersion = 1;
	classes = {
	};
	objectVersion = 77;
	objects = {

/* Begin PBXBuildFile section */
		44218AB22E104E9800B7BB52 /* ComposableArchitecture in Frameworks */ = {isa = PBXBuildFile; productRef = 44218AB12E104E9800B7BB52 /* ComposableArchitecture */; };
		444C93B72E0EF632002FF28C /* MileTaskComponent.framework in Frameworks */ = {isa = PBXBuildFile; fileRef = 444C93B42E0EF632002FF28C /* MileTaskComponent.framework */; };
		444C93B92E0EF632002FF28C /* MileTaskDomain.framework in Frameworks */ = {isa = PBXBuildFile; fileRef = 444C93B52E0EF632002FF28C /* MileTaskDomain.framework */; };
		444C93BB2E0EF632002FF28C /* MileTaskStorage.framework in Frameworks */ = {isa = PBXBuildFile; fileRef = 444C93B62E0EF632002FF28C /* MileTaskStorage.framework */; };
/* End PBXBuildFile section */

/* Begin PBXFileReference section */
		441311CD2E0E7C6B0096196C /* MileTaskComponent.xcodeproj */ = {isa = PBXFileReference; lastKnownFileType = "wrapper.pb-project"; path = MileTaskComponent.xcodeproj; sourceTree = "<group>"; };
		441311D22E0E7C6B0096196C /* MileTaskDomain.xcodeproj */ = {isa = PBXFileReference; lastKnownFileType = "wrapper.pb-project"; path = MileTaskDomain.xcodeproj; sourceTree = "<group>"; };
		441311DE2E0E7C6B0096196C /* MileTaskStorage.xcodeproj */ = {isa = PBXFileReference; lastKnownFileType = "wrapper.pb-project"; path = MileTaskStorage.xcodeproj; sourceTree = "<group>"; };
		4433CC062E0D8FE300E4D832 /* MileTaskComponent.xcodeproj */ = {isa = PBXFileReference; lastKnownFileType = "wrapper.pb-project"; path = MileTaskComponent.xcodeproj; sourceTree = "<group>"; };
		4435ABBC2E0D8BD700FB991E /* MileTask.app */ = {isa = PBXFileReference; explicitFileType = wrapper.application; includeInIndex = 0; path = MileTask.app; sourceTree = BUILT_PRODUCTS_DIR; };
		4435AC252E0D8F2D00FB991E /* MileTaskComponent.xcodeproj */ = {isa = PBXFileReference; lastKnownFileType = "wrapper.pb-project"; path = MileTaskComponent.xcodeproj; sourceTree = "<group>"; };
		444C93B42E0EF632002FF28C /* MileTaskComponent.framework */ = {isa = PBXFileReference; explicitFileType = wrapper.framework; path = MileTaskComponent.framework; sourceTree = BUILT_PRODUCTS_DIR; };
		444C93B52E0EF632002FF28C /* MileTaskDomain.framework */ = {isa = PBXFileReference; explicitFileType = wrapper.framework; path = MileTaskDomain.framework; sourceTree = BUILT_PRODUCTS_DIR; };
		444C93B62E0EF632002FF28C /* MileTaskStorage.framework */ = {isa = PBXFileReference; explicitFileType = wrapper.framework; path = MileTaskStorage.framework; sourceTree = BUILT_PRODUCTS_DIR; };
		4485D7D82E104915003E4CBB /* RxFramework.framework */ = {isa = PBXFileReference; explicitFileType = wrapper.framework; path = RxFramework.framework; sourceTree = BUILT_PRODUCTS_DIR; };
		44A0E62B2E0D907F00F31FED /* MileTaskComponent.xcodeproj */ = {isa = PBXFileReference; lastKnownFileType = "wrapper.pb-project"; path = MileTaskComponent.xcodeproj; sourceTree = "<group>"; };
		44A0E69B2E0D917D00F31FED /* MileTaskStorage.xcodeproj */ = {isa = PBXFileReference; lastKnownFileType = "wrapper.pb-project"; path = MileTaskStorage.xcodeproj; sourceTree = "<group>"; };
		44A0E6C12E0D91AA00F31FED /* MileTaskDomain.xcodeproj */ = {isa = PBXFileReference; lastKnownFileType = "wrapper.pb-project"; path = MileTaskDomain.xcodeproj; sourceTree = "<group>"; };
		44A0E6D42E0D94B400F31FED /* MileTaskComponent.xcodeproj */ = {isa = PBXFileReference; lastKnownFileType = "wrapper.pb-project"; path = MileTaskComponent.xcodeproj; sourceTree = "<group>"; };
		44A0E6D92E0D94B400F31FED /* MileTaskDomain.xcodeproj */ = {isa = PBXFileReference; lastKnownFileType = "wrapper.pb-project"; path = MileTaskDomain.xcodeproj; sourceTree = "<group>"; };
		44A0E6DE2E0D94B400F31FED /* MileTaskStorage.xcodeproj */ = {isa = PBXFileReference; lastKnownFileType = "wrapper.pb-project"; path = MileTaskStorage.xcodeproj; sourceTree = "<group>"; };
/* End PBXFileReference section */

/* Begin PBXFileSystemSynchronizedBuildFileExceptionSet section */
		44218AC82E10556200B7BB52 /* Exceptions for "MileTask" folder in "MileTask" target */ = {
			isa = PBXFileSystemSynchronizedBuildFileExceptionSet;
			membershipExceptions = (
				Info.plist,
			);
			target = 4435ABBB2E0D8BD700FB991E /* MileTask */;
		};
/* End PBXFileSystemSynchronizedBuildFileExceptionSet section */

/* Begin PBXFileSystemSynchronizedRootGroup section */
		4435ABBE2E0D8BD700FB991E /* MileTask */ = {
			isa = PBXFileSystemSynchronizedRootGroup;
			exceptions = (
				44218AC82E10556200B7BB52 /* Exceptions for "MileTask" folder in "MileTask" target */,
			);
			path = MileTask;
			sourceTree = "<group>";
		};
/* End PBXFileSystemSynchronizedRootGroup section */

/* Begin PBXFrameworksBuildPhase section */
		4435ABB92E0D8BD700FB991E /* Frameworks */ = {
			isa = PBXFrameworksBuildPhase;
			buildActionMask = 2147483647;
			files = (
				444C93BB2E0EF632002FF28C /* MileTaskStorage.framework in Frameworks */,
				444C93B92E0EF632002FF28C /* MileTaskDomain.framework in Frameworks */,
				44218AB22E104E9800B7BB52 /* ComposableArchitecture in Frameworks */,
				444C93B72E0EF632002FF28C /* MileTaskComponent.framework in Frameworks */,
			);
			runOnlyForDeploymentPostprocessing = 0;
		};
/* End PBXFrameworksBuildPhase section */

/* Begin PBXGroup section */
		441311E52E0E7C6B0096196C /* Products */ = {
			isa = PBXGroup;
			children = (
			);
			name = Products;
			sourceTree = "<group>";
		};
		441311E72E0E7C6B0096196C /* Products */ = {
			isa = PBXGroup;
			children = (
			);
			name = Products;
			sourceTree = "<group>";
		};
		441311E92E0E7C6B0096196C /* Products */ = {
			isa = PBXGroup;
			children = (
			);
			name = Products;
			sourceTree = "<group>";
		};
		4433CC0D2E0D8FE300E4D832 /* Products */ = {
			isa = PBXGroup;
			children = (
			);
			name = Products;
			sourceTree = "<group>";
		};
		4435ABB32E0D8BD700FB991E = {
			isa = PBXGroup;
			children = (
				4435ABBE2E0D8BD700FB991E /* MileTask */,
				444C93B32E0EF632002FF28C /* Frameworks */,
				4435ABBD2E0D8BD700FB991E /* Products */,
			);
			sourceTree = "<group>";
		};
		4435ABBD2E0D8BD700FB991E /* Products */ = {
			isa = PBXGroup;
			children = (
				4435ABBC2E0D8BD700FB991E /* MileTask.app */,
			);
			name = Products;
			sourceTree = "<group>";
		};
		4435AC272E0D8F2D00FB991E /* Products */ = {
			isa = PBXGroup;
			children = (
			);
			name = Products;
			sourceTree = "<group>";
		};
		444C93B32E0EF632002FF28C /* Frameworks */ = {
			isa = PBXGroup;
			children = (
				4485D7D82E104915003E4CBB /* RxFramework.framework */,
				444C93B42E0EF632002FF28C /* MileTaskComponent.framework */,
				444C93B52E0EF632002FF28C /* MileTaskDomain.framework */,
				444C93B62E0EF632002FF28C /* MileTaskStorage.framework */,
			);
			name = Frameworks;
			sourceTree = "<group>";
		};
		44A0E6322E0D907F00F31FED /* Products */ = {
			isa = PBXGroup;
			children = (
			);
			name = Products;
			sourceTree = "<group>";
		};
		44A0E69D2E0D917D00F31FED /* Products */ = {
			isa = PBXGroup;
			children = (
			);
			name = Products;
			sourceTree = "<group>";
		};
		44A0E6C32E0D91AA00F31FED /* Products */ = {
			isa = PBXGroup;
			children = (
			);
			name = Products;
			sourceTree = "<group>";
		};
		44A0E6E52E0D94B400F31FED /* Products */ = {
			isa = PBXGroup;
			children = (
			);
			name = Products;
			sourceTree = "<group>";
		};
		44A0E6E72E0D94B400F31FED /* Products */ = {
			isa = PBXGroup;
			children = (
			);
			name = Products;
			sourceTree = "<group>";
		};
		44A0E6E92E0D94B400F31FED /* Products */ = {
			isa = PBXGroup;
			children = (
			);
			name = Products;
			sourceTree = "<group>";
		};
/* End PBXGroup section */

/* Begin PBXNativeTarget section */
		4435ABBB2E0D8BD700FB991E /* MileTask */ = {
			isa = PBXNativeTarget;
			buildConfigurationList = 4435ABCB2E0D8BD800FB991E /* Build configuration list for PBXNativeTarget "MileTask" */;
			buildPhases = (
				4435ABB82E0D8BD700FB991E /* Sources */,
				4435ABB92E0D8BD700FB991E /* Frameworks */,
				4435ABBA2E0D8BD700FB991E /* Resources */,
			);
			buildRules = (
			);
			dependencies = (
			);
			fileSystemSynchronizedGroups = (
				4435ABBE2E0D8BD700FB991E /* MileTask */,
			);
			name = MileTask;
			packageProductDependencies = (
				44218AB12E104E9800B7BB52 /* ComposableArchitecture */,
			);
			productName = MileTask;
			productReference = 4435ABBC2E0D8BD700FB991E /* MileTask.app */;
			productType = "com.apple.product-type.application";
		};
/* End PBXNativeTarget section */

/* Begin PBXProject section */
		4435ABB42E0D8BD700FB991E /* Project object */ = {
			isa = PBXProject;
			attributes = {
				BuildIndependentTargetsInParallel = 1;
				LastSwiftUpdateCheck = 1620;
				LastUpgradeCheck = 1620;
				TargetAttributes = {
					4435ABBB2E0D8BD700FB991E = {
						CreatedOnToolsVersion = 16.2;
					};
				};
			};
			buildConfigurationList = 4435ABB72E0D8BD700FB991E /* Build configuration list for PBXProject "MileTask" */;
			developmentRegion = en;
			hasScannedForEncodings = 0;
			knownRegions = (
				en,
				Base,
			);
			mainGroup = 4435ABB32E0D8BD700FB991E;
			minimizedProjectReferenceProxies = 1;
			packageReferences = (
				44218AB02E104E9800B7BB52 /* XCRemoteSwiftPackageReference "swift-composable-architecture" */,
			);
			preferredProjectObjectVersion = 77;
			productRefGroup = 4435ABBD2E0D8BD700FB991E /* Products */;
			projectDirPath = "";
			projectReferences = (
				{
					ProductGroup = 4435AC272E0D8F2D00FB991E /* Products */;
					ProjectRef = 4435AC252E0D8F2D00FB991E /* MileTaskComponent.xcodeproj */;
				},
				{
					ProductGroup = 4433CC0D2E0D8FE300E4D832 /* Products */;
					ProjectRef = 4433CC062E0D8FE300E4D832 /* MileTaskComponent.xcodeproj */;
				},
				{
					ProductGroup = 44A0E6322E0D907F00F31FED /* Products */;
					ProjectRef = 44A0E62B2E0D907F00F31FED /* MileTaskComponent.xcodeproj */;
				},
				{
					ProductGroup = 44A0E6E92E0D94B400F31FED /* Products */;
					ProjectRef = 44A0E6D42E0D94B400F31FED /* MileTaskComponent.xcodeproj */;
				},
				{
					ProductGroup = 441311E52E0E7C6B0096196C /* Products */;
					ProjectRef = 441311CD2E0E7C6B0096196C /* MileTaskComponent.xcodeproj */;
				},
				{
					ProductGroup = 441311E72E0E7C6B0096196C /* Products */;
					ProjectRef = 441311D22E0E7C6B0096196C /* MileTaskDomain.xcodeproj */;
				},
				{
					ProductGroup = 44A0E6E52E0D94B400F31FED /* Products */;
					ProjectRef = 44A0E6D92E0D94B400F31FED /* MileTaskDomain.xcodeproj */;
				},
				{
					ProductGroup = 44A0E6C32E0D91AA00F31FED /* Products */;
					ProjectRef = 44A0E6C12E0D91AA00F31FED /* MileTaskDomain.xcodeproj */;
				},
				{
					ProductGroup = 441311E92E0E7C6B0096196C /* Products */;
					ProjectRef = 441311DE2E0E7C6B0096196C /* MileTaskStorage.xcodeproj */;
				},
				{
					ProductGroup = 44A0E69D2E0D917D00F31FED /* Products */;
					ProjectRef = 44A0E69B2E0D917D00F31FED /* MileTaskStorage.xcodeproj */;
				},
				{
					ProductGroup = 44A0E6E72E0D94B400F31FED /* Products */;
					ProjectRef = 44A0E6DE2E0D94B400F31FED /* MileTaskStorage.xcodeproj */;
				},
			);
			projectRoot = "";
			targets = (
				4435ABBB2E0D8BD700FB991E /* MileTask */,
			);
		};
/* End PBXProject section */

/* Begin PBXResourcesBuildPhase section */
		4435ABBA2E0D8BD700FB991E /* Resources */ = {
			isa = PBXResourcesBuildPhase;
			buildActionMask = 2147483647;
			files = (
			);
			runOnlyForDeploymentPostprocessing = 0;
		};
/* End PBXResourcesBuildPhase section */

/* Begin PBXSourcesBuildPhase section */
		4435ABB82E0D8BD700FB991E /* Sources */ = {
			isa = PBXSourcesBuildPhase;
			buildActionMask = 2147483647;
			files = (
			);
			runOnlyForDeploymentPostprocessing = 0;
		};
/* End PBXSourcesBuildPhase section */

/* Begin XCBuildConfiguration section */
		4435ABC92E0D8BD800FB991E /* Debug */ = {
			isa = XCBuildConfiguration;
			buildSettings = {
				ALWAYS_SEARCH_USER_PATHS = NO;
				ASSETCATALOG_COMPILER_GENERATE_SWIFT_ASSET_SYMBOL_EXTENSIONS = YES;
				CLANG_ANALYZER_NONNULL = YES;
				CLANG_ANALYZER_NUMBER_OBJECT_CONVERSION = YES_AGGRESSIVE;
				CLANG_CXX_LANGUAGE_STANDARD = "gnu++20";
				CLANG_ENABLE_MODULES = YES;
				CLANG_ENABLE_OBJC_ARC = YES;
				CLANG_ENABLE_OBJC_WEAK = YES;
				CLANG_WARN_BLOCK_CAPTURE_AUTORELEASING = YES;
				CLANG_WARN_BOOL_CONVERSION = YES;
				CLANG_WARN_COMMA = YES;
				CLANG_WARN_CONSTANT_CONVERSION = YES;
				CLANG_WARN_DEPRECATED_OBJC_IMPLEMENTATIONS = YES;
				CLANG_WARN_DIRECT_OBJC_ISA_USAGE = YES_ERROR;
				CLANG_WARN_DOCUMENTATION_COMMENTS = YES;
				CLANG_WARN_EMPTY_BODY = YES;
				CLANG_WARN_ENUM_CONVERSION = YES;
				CLANG_WARN_INFINITE_RECURSION = YES;
				CLANG_WARN_INT_CONVERSION = YES;
				CLANG_WARN_NON_LITERAL_NULL_CONVERSION = YES;
				CLANG_WARN_OBJC_IMPLICIT_RETAIN_SELF = YES;
				CLANG_WARN_OBJC_LITERAL_CONVERSION = YES;
				CLANG_WARN_OBJC_ROOT_CLASS = YES_ERROR;
				CLANG_WARN_QUOTED_INCLUDE_IN_FRAMEWORK_HEADER = YES;
				CLANG_WARN_RANGE_LOOP_ANALYSIS = YES;
				CLANG_WARN_STRICT_PROTOTYPES = YES;
				CLANG_WARN_SUSPICIOUS_MOVE = YES;
				CLANG_WARN_UNGUARDED_AVAILABILITY = YES_AGGRESSIVE;
				CLANG_WARN_UNREACHABLE_CODE = YES;
				CLANG_WARN__DUPLICATE_METHOD_MATCH = YES;
				COPY_PHASE_STRIP = NO;
				DEBUG_INFORMATION_FORMAT = dwarf;
				ENABLE_STRICT_OBJC_MSGSEND = YES;
				ENABLE_TESTABILITY = YES;
				ENABLE_USER_SCRIPT_SANDBOXING = YES;
				GCC_C_LANGUAGE_STANDARD = gnu17;
				GCC_DYNAMIC_NO_PIC = NO;
				GCC_NO_COMMON_BLOCKS = YES;
				GCC_OPTIMIZATION_LEVEL = 0;
				GCC_PREPROCESSOR_DEFINITIONS = (
					"DEBUG=1",
					"$(inherited)",
				);
				GCC_WARN_64_TO_32_BIT_CONVERSION = YES;
				GCC_WARN_ABOUT_RETURN_TYPE = YES_ERROR;
				GCC_WARN_UNDECLARED_SELECTOR = YES;
				GCC_WARN_UNINITIALIZED_AUTOS = YES_AGGRESSIVE;
				GCC_WARN_UNUSED_FUNCTION = YES;
				GCC_WARN_UNUSED_VARIABLE = YES;
				LOCALIZATION_PREFERS_STRING_CATALOGS = YES;
				MTL_ENABLE_DEBUG_INFO = INCLUDE_SOURCE;
				MTL_FAST_MATH = YES;
				ONLY_ACTIVE_ARCH = YES;
				SWIFT_ACTIVE_COMPILATION_CONDITIONS = "DEBUG $(inherited)";
				SWIFT_OPTIMIZATION_LEVEL = "-Onone";
			};
			name = Debug;
		};
		4435ABCA2E0D8BD800FB991E /* Release */ = {
			isa = XCBuildConfiguration;
			buildSettings = {
				ALWAYS_SEARCH_USER_PATHS = NO;
				ASSETCATALOG_COMPILER_GENERATE_SWIFT_ASSET_SYMBOL_EXTENSIONS = YES;
				CLANG_ANALYZER_NONNULL = YES;
				CLANG_ANALYZER_NUMBER_OBJECT_CONVERSION = YES_AGGRESSIVE;
				CLANG_CXX_LANGUAGE_STANDARD = "gnu++20";
				CLANG_ENABLE_MODULES = YES;
				CLANG_ENABLE_OBJC_ARC = YES;
				CLANG_ENABLE_OBJC_WEAK = YES;
				CLANG_WARN_BLOCK_CAPTURE_AUTORELEASING = YES;
				CLANG_WARN_BOOL_CONVERSION = YES;
				CLANG_WARN_COMMA = YES;
				CLANG_WARN_CONSTANT_CONVERSION = YES;
				CLANG_WARN_DEPRECATED_OBJC_IMPLEMENTATIONS = YES;
				CLANG_WARN_DIRECT_OBJC_ISA_USAGE = YES_ERROR;
				CLANG_WARN_DOCUMENTATION_COMMENTS = YES;
				CLANG_WARN_EMPTY_BODY = YES;
				CLANG_WARN_ENUM_CONVERSION = YES;
				CLANG_WARN_INFINITE_RECURSION = YES;
				CLANG_WARN_INT_CONVERSION = YES;
				CLANG_WARN_NON_LITERAL_NULL_CONVERSION = YES;
				CLANG_WARN_OBJC_IMPLICIT_RETAIN_SELF = YES;
				CLANG_WARN_OBJC_LITERAL_CONVERSION = YES;
				CLANG_WARN_OBJC_ROOT_CLASS = YES_ERROR;
				CLANG_WARN_QUOTED_INCLUDE_IN_FRAMEWORK_HEADER = YES;
				CLANG_WARN_RANGE_LOOP_ANALYSIS = YES;
				CLANG_WARN_STRICT_PROTOTYPES = YES;
				CLANG_WARN_SUSPICIOUS_MOVE = YES;
				CLANG_WARN_UNGUARDED_AVAILABILITY = YES_AGGRESSIVE;
				CLANG_WARN_UNREACHABLE_CODE = YES;
				CLANG_WARN__DUPLICATE_METHOD_MATCH = YES;
				COPY_PHASE_STRIP = NO;
				DEBUG_INFORMATION_FORMAT = "dwarf-with-dsym";
				ENABLE_NS_ASSERTIONS = NO;
				ENABLE_STRICT_OBJC_MSGSEND = YES;
				ENABLE_USER_SCRIPT_SANDBOXING = YES;
				GCC_C_LANGUAGE_STANDARD = gnu17;
				GCC_NO_COMMON_BLOCKS = YES;
				GCC_WARN_64_TO_32_BIT_CONVERSION = YES;
				GCC_WARN_ABOUT_RETURN_TYPE = YES_ERROR;
				GCC_WARN_UNDECLARED_SELECTOR = YES;
				GCC_WARN_UNINITIALIZED_AUTOS = YES_AGGRESSIVE;
				GCC_WARN_UNUSED_FUNCTION = YES;
				GCC_WARN_UNUSED_VARIABLE = YES;
				LOCALIZATION_PREFERS_STRING_CATALOGS = YES;
				MTL_ENABLE_DEBUG_INFO = NO;
				MTL_FAST_MATH = YES;
				SWIFT_COMPILATION_MODE = wholemodule;
			};
			name = Release;
		};
		4435ABCC2E0D8BD800FB991E /* Debug */ = {
			isa = XCBuildConfiguration;
			buildSettings = {
				ASSETCATALOG_COMPILER_APPICON_NAME = AppIcon;
				ASSETCATALOG_COMPILER_GLOBAL_ACCENT_COLOR_NAME = AccentColor;
				CLANG_ALLOW_NON_MODULAR_INCLUDES_IN_FRAMEWORK_MODULES = YES;
				CODE_SIGN_ENTITLEMENTS = MileTask/MileTask.entitlements;
				CODE_SIGN_IDENTITY = "Apple Development";
				CODE_SIGN_STYLE = Automatic;
				CURRENT_PROJECT_VERSION = 1;
				DEVELOPMENT_ASSET_PATHS = "\"MileTask/Preview Content\"";
				DEVELOPMENT_TEAM = 8DC3XDL7Z3;
				ENABLE_PREVIEWS = YES;
				GENERATE_INFOPLIST_FILE = YES;
				INFOPLIST_FILE = MileTask/Info.plist;
				INFOPLIST_KEY_CFBundleDisplayName = MileTask;
				"INFOPLIST_KEY_UIApplicationSceneManifest_Generation[sdk=iphoneos*]" = YES;
				"INFOPLIST_KEY_UIApplicationSceneManifest_Generation[sdk=iphonesimulator*]" = YES;
				"INFOPLIST_KEY_UIApplicationSupportsIndirectInputEvents[sdk=iphoneos*]" = YES;
				"INFOPLIST_KEY_UIApplicationSupportsIndirectInputEvents[sdk=iphonesimulator*]" = YES;
				"INFOPLIST_KEY_UILaunchScreen_Generation[sdk=iphoneos*]" = YES;
				"INFOPLIST_KEY_UILaunchScreen_Generation[sdk=iphonesimulator*]" = YES;
				"INFOPLIST_KEY_UIStatusBarStyle[sdk=iphoneos*]" = UIStatusBarStyleDefault;
				"INFOPLIST_KEY_UIStatusBarStyle[sdk=iphonesimulator*]" = UIStatusBarStyleDefault;
				INFOPLIST_KEY_UISupportedInterfaceOrientations_iPad = "UIInterfaceOrientationPortrait UIInterfaceOrientationPortraitUpsideDown UIInterfaceOrientationLandscapeLeft UIInterfaceOrientationLandscapeRight";
				INFOPLIST_KEY_UISupportedInterfaceOrientations_iPhone = "UIInterfaceOrientationPortrait UIInterfaceOrientationLandscapeLeft UIInterfaceOrientationLandscapeRight";
				IPHONEOS_DEPLOYMENT_TARGET = 15.0;
				LD_RUNPATH_SEARCH_PATHS = "@executable_path/Frameworks";
				"LD_RUNPATH_SEARCH_PATHS[sdk=macosx*]" = "@executable_path/../Frameworks";
				MACOSX_DEPLOYMENT_TARGET = 15.2;
				MARKETING_VERSION = 1.0;
				PRODUCT_BUNDLE_IDENTIFIER = MileTask;
				PRODUCT_NAME = "$(TARGET_NAME)";
				PROVISIONING_PROFILE_SPECIFIER = "";
				SDKROOT = auto;
				SUPPORTED_PLATFORMS = "iphoneos iphonesimulator";
				SUPPORTS_MACCATALYST = NO;
				SWIFT_EMIT_LOC_STRINGS = YES;
				SWIFT_VERSION = 5.0;
				TARGETED_DEVICE_FAMILY = 1;
				XROS_DEPLOYMENT_TARGET = 2.2;
			};
			name = Debug;
		};
		4435ABCD2E0D8BD800FB991E /* Release */ = {
			isa = XCBuildConfiguration;
			buildSettings = {
				ASSETCATALOG_COMPILER_APPICON_NAME = AppIcon;
				ASSETCATALOG_COMPILER_GLOBAL_ACCENT_COLOR_NAME = AccentColor;
				CLANG_ALLOW_NON_MODULAR_INCLUDES_IN_FRAMEWORK_MODULES = YES;
				CODE_SIGN_ENTITLEMENTS = MileTask/MileTask.entitlements;
				CODE_SIGN_IDENTITY = "Apple Development";
				CODE_SIGN_STYLE = Automatic;
				CURRENT_PROJECT_VERSION = 1;
				DEVELOPMENT_ASSET_PATHS = "\"MileTask/Preview Content\"";
				DEVELOPMENT_TEAM = 8DC3XDL7Z3;
				ENABLE_PREVIEWS = YES;
				GENERATE_INFOPLIST_FILE = YES;
				INFOPLIST_FILE = MileTask/Info.plist;
				INFOPLIST_KEY_CFBundleDisplayName = MileTask;
				"INFOPLIST_KEY_UIApplicationSceneManifest_Generation[sdk=iphoneos*]" = YES;
				"INFOPLIST_KEY_UIApplicationSceneManifest_Generation[sdk=iphonesimulator*]" = YES;
				"INFOPLIST_KEY_UIApplicationSupportsIndirectInputEvents[sdk=iphoneos*]" = YES;
				"INFOPLIST_KEY_UIApplicationSupportsIndirectInputEvents[sdk=iphonesimulator*]" = YES;
				"INFOPLIST_KEY_UILaunchScreen_Generation[sdk=iphoneos*]" = YES;
				"INFOPLIST_KEY_UILaunchScreen_Generation[sdk=iphonesimulator*]" = YES;
				"INFOPLIST_KEY_UIStatusBarStyle[sdk=iphoneos*]" = UIStatusBarStyleDefault;
				"INFOPLIST_KEY_UIStatusBarStyle[sdk=iphonesimulator*]" = UIStatusBarStyleDefault;
				INFOPLIST_KEY_UISupportedInterfaceOrientations_iPad = "UIInterfaceOrientationPortrait UIInterfaceOrientationPortraitUpsideDown UIInterfaceOrientationLandscapeLeft UIInterfaceOrientationLandscapeRight";
				INFOPLIST_KEY_UISupportedInterfaceOrientations_iPhone = "UIInterfaceOrientationPortrait UIInterfaceOrientationLandscapeLeft UIInterfaceOrientationLandscapeRight";
				IPHONEOS_DEPLOYMENT_TARGET = 15.0;
				LD_RUNPATH_SEARCH_PATHS = "@executable_path/Frameworks";
				"LD_RUNPATH_SEARCH_PATHS[sdk=macosx*]" = "@executable_path/../Frameworks";
				MACOSX_DEPLOYMENT_TARGET = 15.2;
				MARKETING_VERSION = 1.0;
				PRODUCT_BUNDLE_IDENTIFIER = MileTask;
				PRODUCT_NAME = "$(TARGET_NAME)";
				PROVISIONING_PROFILE_SPECIFIER = "";
				SDKROOT = auto;
				SUPPORTED_PLATFORMS = "iphoneos iphonesimulator";
				SUPPORTS_MACCATALYST = NO;
				SWIFT_EMIT_LOC_STRINGS = YES;
				SWIFT_VERSION = 5.0;
				TARGETED_DEVICE_FAMILY = 1;
				XROS_DEPLOYMENT_TARGET = 2.2;
			};
			name = Release;
		};
/* End XCBuildConfiguration section */

/* Begin XCConfigurationList section */
		4435ABB72E0D8BD700FB991E /* Build configuration list for PBXProject "MileTask" */ = {
			isa = XCConfigurationList;
			buildConfigurations = (
				4435ABC92E0D8BD800FB991E /* Debug */,
				4435ABCA2E0D8BD800FB991E /* Release */,
			);
			defaultConfigurationIsVisible = 0;
			defaultConfigurationName = Release;
		};
		4435ABCB2E0D8BD800FB991E /* Build configuration list for PBXNativeTarget "MileTask" */ = {
			isa = XCConfigurationList;
			buildConfigurations = (
				4435ABCC2E0D8BD800FB991E /* Debug */,
				4435ABCD2E0D8BD800FB991E /* Release */,
			);
			defaultConfigurationIsVisible = 0;
			defaultConfigurationName = Release;
		};
/* End XCConfigurationList section */

/* Begin XCRemoteSwiftPackageReference section */
		44218AB02E104E9800B7BB52 /* XCRemoteSwiftPackageReference "swift-composable-architecture" */ = {
			isa = XCRemoteSwiftPackageReference;
			repositoryURL = "https://github.com/pointfreeco/swift-composable-architecture";
			requirement = {
				kind = upToNextMajorVersion;
				minimumVersion = 1.20.2;
			};
		};
/* End XCRemoteSwiftPackageReference section */

/* Begin XCSwiftPackageProductDependency section */
		44218AB12E104E9800B7BB52 /* ComposableArchitecture */ = {
			isa = XCSwiftPackageProductDependency;
			package = 44218AB02E104E9800B7BB52 /* XCRemoteSwiftPackageReference "swift-composable-architecture" */;
			productName = ComposableArchitecture;
		};
/* End XCSwiftPackageProductDependency section */
	};
	rootObject = 4435ABB42E0D8BD700FB991E /* Project object */;
}
